
Microsoft Visual Studio Solution File, Format Version 12.00
# Visual Studio Version 16
VisualStudioVersion = 16.0.33214.272
MinimumVisualStudioVersion = 10.0.40219.1
Project("{FAE04EC0-301F-11D3-BF4B-00C04F79EFBC}") = "Tema1.1", "Tema1.1\Tema1.1.csproj", "{E7FE2D6D-F024-451A-9765-5EC9F5FF46A4}"
EndProject
Global
	GlobalSection(SolutionConfigurationPlatforms) = preSolution
		Debug|Any CPU = Debug|Any CPU
		Release|Any CPU = Release|Any CPU
	EndGlobalSection
	GlobalSection(ProjectConfigurationPlatforms) = postSolution
		{E7FE2D6D-F024-451A-9765-5EC9F5FF46A4}.Debug|Any CPU.ActiveCfg = Debug|Any CPU
		{E7FE2D6D-F024-451A-9765-5EC9F5FF46A4}.Debug|Any CPU.Build.0 = Debug|Any CPU
		{E7FE2D6D-F024-451A-9765-5EC9F5FF46A4}.Release|Any CPU.ActiveCfg = Release|Any CPU
		{E7FE2D6D-F024-451A-9765-5EC9F5FF46A4}.Release|Any CPU.Build.0 = Release|Any CPU
	EndGlobalSection
	GlobalSection(SolutionProperties) = preSolution
		HideSolutionNode = FALSE
	EndGlobalSection
	GlobalSection(ExtensibilityGlobals) = postSolution
		SolutionGuid = {1194FB5A-9CAB-43BA-AB11-9AB094314B30}
	EndGlobalSection
EndGlobal
